<Solution>
  <Configurations>
    <Platform Name="Any CPU" />
    <Platform Name="x64" />
    <Platform Name="x86" />
  </Configurations>
  <Folder Name="/src/">
    <Project Path="src/extension/Extension.fsproj" />
    <Project Path="src/Server/Server.fsproj" />
    <Project Path="src/Shared/Shared.fsproj" />
  </Folder>
  <Folder Name="/tests/">
    <Project Path="tests/Server.Tests/Server.Tests.fsproj" />
  </Folder>
</Solution>
